
Microsoft Visual Studio Solution File, Format Version 12.00
# Visual Studio Version 17
VisualStudioVersion = 17.11.35312.102
MinimumVisualStudioVersion = 10.0.40219.1
Project("{FAE04EC0-301F-11D3-BF4B-00C04F79EFBC}") = "DemoPerGitHub", "DemoPerGitHub\DemoPerGitHub.csproj", "{ED714A1B-7CE4-44A0-8FC3-D20D24366C1F}"
EndProject
Global
	GlobalSection(SolutionConfigurationPlatforms) = preSolution
		Debug|Any CPU = Debug|Any CPU
		Release|Any CPU = Release|Any CPU
	EndGlobalSection
	GlobalSection(ProjectConfigurationPlatforms) = postSolution
		{ED714A1B-7CE4-44A0-8FC3-D20D24366C1F}.Debug|Any CPU.ActiveCfg = Debug|Any CPU
		{ED714A1B-7CE4-44A0-8FC3-D20D24366C1F}.Debug|Any CPU.Build.0 = Debug|Any CPU
		{ED714A1B-7CE4-44A0-8FC3-D20D24366C1F}.Release|Any CPU.ActiveCfg = Release|Any CPU
		{ED714A1B-7CE4-44A0-8FC3-D20D24366C1F}.Release|Any CPU.Build.0 = Release|Any CPU
	EndGlobalSection
	GlobalSection(SolutionProperties) = preSolution
		HideSolutionNode = FALSE
	EndGlobalSection
	GlobalSection(ExtensibilityGlobals) = postSolution
		SolutionGuid = {DB570C44-CDB7-4422-A14C-797D5869198B}
	EndGlobalSection
EndGlobal
